
Microsoft Visual Studio Solution File, Format Version 12.00
# Visual Studio Version 16
VisualStudioVersion = 16.0.30330.147
MinimumVisualStudioVersion = 10.0.40219.1
Project("{F184B08F-C81C-45F6-A57F-5ABD9991F28F}") = "vbproj", "vbproj\vbproj.vbproj", "{F3C9CA26-5E68-44C7-8A04-3DF3B8B12BAC}"
EndProject
Global
	GlobalSection(SolutionConfigurationPlatforms) = preSolution
		Debug|Any CPU = Debug|Any CPU
		Release|Any CPU = Release|Any CPU
	EndGlobalSection
	GlobalSection(ProjectConfigurationPlatforms) = postSolution
		{F3C9CA26-5E68-44C7-8A04-3DF3B8B12BAC}.Debug|Any CPU.ActiveCfg = Debug|Any CPU
		{F3C9CA26-5E68-44C7-8A04-3DF3B8B12BAC}.Debug|Any CPU.Build.0 = Debug|Any CPU
		{F3C9CA26-5E68-44C7-8A04-3DF3B8B12BAC}.Release|Any CPU.ActiveCfg = Release|Any CPU
		{F3C9CA26-5E68-44C7-8A04-3DF3B8B12BAC}.Release|Any CPU.Build.0 = Release|Any CPU
	EndGlobalSection
	GlobalSection(SolutionProperties) = preSolution
		HideSolutionNode = FALSE
	EndGlobalSection
	GlobalSection(ExtensibilityGlobals) = postSolution
		SolutionGuid = {5E43CD89-BD48-4185-82A3-FA6FDBEA000E}
	EndGlobalSection
EndGlobal
